
Microsoft Visual Studio Solution File, Format Version 12.00
# Visual Studio Version 16
VisualStudioVersion = 16.0.31025.194
MinimumVisualStudioVersion = 10.0.40219.1
Project("{FAE04EC0-301F-11D3-BF4B-00C04F79EFBC}") = "WebApplication1", "WebApplication1\WebApplication1.csproj", "{B6113E4B-C0F0-4257-BDB1-97F6569B4EAC}"
EndProject
Global
	GlobalSection(SolutionConfigurationPlatforms) = preSolution
		Debug|Any CPU = Debug|Any CPU
		Release|Any CPU = Release|Any CPU
	EndGlobalSection
	GlobalSection(ProjectConfigurationPlatforms) = postSolution
		{B6113E4B-C0F0-4257-BDB1-97F6569B4EAC}.Debug|Any CPU.ActiveCfg = Debug|Any CPU
		{B6113E4B-C0F0-4257-BDB1-97F6569B4EAC}.Debug|Any CPU.Build.0 = Debug|Any CPU
		{B6113E4B-C0F0-4257-BDB1-97F6569B4EAC}.Release|Any CPU.ActiveCfg = Release|Any CPU
		{B6113E4B-C0F0-4257-BDB1-97F6569B4EAC}.Release|Any CPU.Build.0 = Release|Any CPU
	EndGlobalSection
	GlobalSection(SolutionProperties) = preSolution
		HideSolutionNode = FALSE
	EndGlobalSection
	GlobalSection(ExtensibilityGlobals) = postSolution
		SolutionGuid = {F8816AAF-14E8-4C03-A238-37EEDE149EA6}
	EndGlobalSection
EndGlobal
